
Microsoft Visual Studio Solution File, Format Version 12.00
# Visual Studio Version 16
VisualStudioVersion = 16.0.31911.196
MinimumVisualStudioVersion = 10.0.40219.1
Project("{FAE04EC0-301F-11D3-BF4B-00C04F79EFBC}") = "LabelTutorial.Android", "LabelTutorial\LabelTutorial.Android\LabelTutorial.Android.csproj", "{6A3DB53F-F217-4BB8-B6C0-298A38A44556}"
EndProject
Project("{FAE04EC0-301F-11D3-BF4B-00C04F79EFBC}") = "LabelTutorial.iOS", "LabelTutorial\LabelTutorial.iOS\LabelTutorial.iOS.csproj", "{242A5DA8-6AFF-4668-A0E8-326A427D6970}"
EndProject
Project("{FAE04EC0-301F-11D3-BF4B-00C04F79EFBC}") = "LabelTutorial", "LabelTutorial\LabelTutorial\LabelTutorial.csproj", "{B8D4B947-7F00-4093-A481-B908D48BD730}"
EndProject
Global
	GlobalSection(SolutionConfigurationPlatforms) = preSolution
		Debug|Any CPU = Debug|Any CPU
		Debug|iPhone = Debug|iPhone
		Debug|iPhoneSimulator = Debug|iPhoneSimulator
		Release|Any CPU = Release|Any CPU
		Release|iPhone = Release|iPhone
		Release|iPhoneSimulator = Release|iPhoneSimulator
	EndGlobalSection
	GlobalSection(ProjectConfigurationPlatforms) = postSolution
		{6A3DB53F-F217-4BB8-B6C0-298A38A44556}.Debug|Any CPU.ActiveCfg = Debug|Any CPU
		{6A3DB53F-F217-4BB8-B6C0-298A38A44556}.Debug|Any CPU.Build.0 = Debug|Any CPU
		{6A3DB53F-F217-4BB8-B6C0-298A38A44556}.Debug|Any CPU.Deploy.0 = Debug|Any CPU
		{6A3DB53F-F217-4BB8-B6C0-298A38A44556}.Debug|iPhone.ActiveCfg = Debug|Any CPU
		{6A3DB53F-F217-4BB8-B6C0-298A38A44556}.Debug|iPhone.Build.0 = Debug|Any CPU
		{6A3DB53F-F217-4BB8-B6C0-298A38A44556}.Debug|iPhone.Deploy.0 = Debug|Any CPU
		{6A3DB53F-F217-4BB8-B6C0-298A38A44556}.Debug|iPhoneSimulator.ActiveCfg = Debug|Any CPU
		{6A3DB53F-F217-4BB8-B6C0-298A38A44556}.Debug|iPhoneSimulator.Build.0 = Debug|Any CPU
		{6A3DB53F-F217-4BB8-B6C0-298A38A44556}.Debug|iPhoneSimulator.Deploy.0 = Debug|Any CPU
		{6A3DB53F-F217-4BB8-B6C0-298A38A44556}.Release|Any CPU.ActiveCfg = Release|Any CPU
		{6A3DB53F-F217-4BB8-B6C0-298A38A44556}.Release|Any CPU.Build.0 = Release|Any CPU
		{6A3DB53F-F217-4BB8-B6C0-298A38A44556}.Release|Any CPU.Deploy.0 = Release|Any CPU
		{6A3DB53F-F217-4BB8-B6C0-298A38A44556}.Release|iPhone.ActiveCfg = Release|Any CPU
		{6A3DB53F-F217-4BB8-B6C0-298A38A44556}.Release|iPhone.Build.0 = Release|Any CPU
		{6A3DB53F-F217-4BB8-B6C0-298A38A44556}.Release|iPhone.Deploy.0 = Release|Any CPU
		{6A3DB53F-F217-4BB8-B6C0-298A38A44556}.Release|iPhoneSimulator.ActiveCfg = Release|Any CPU
		{6A3DB53F-F217-4BB8-B6C0-298A38A44556}.Release|iPhoneSimulator.Build.0 = Release|Any CPU
		{6A3DB53F-F217-4BB8-B6C0-298A38A44556}.Release|iPhoneSimulator.Deploy.0 = Release|Any CPU
		{242A5DA8-6AFF-4668-A0E8-326A427D6970}.Debug|Any CPU.ActiveCfg = Debug|iPhone
		{242A5DA8-6AFF-4668-A0E8-326A427D6970}.Debug|Any CPU.Build.0 = Debug|iPhone
		{242A5DA8-6AFF-4668-A0E8-326A427D6970}.Debug|Any CPU.Deploy.0 = Debug|iPhone
		{242A5DA8-6AFF-4668-A0E8-326A427D6970}.Debug|iPhone.ActiveCfg = Debug|iPhone
		{242A5DA8-6AFF-4668-A0E8-326A427D6970}.Debug|iPhone.Build.0 = Debug|iPhone
		{242A5DA8-6AFF-4668-A0E8-326A427D6970}.Debug|iPhone.Deploy.0 = Debug|iPhone
		{242A5DA8-6AFF-4668-A0E8-326A427D6970}.Debug|iPhoneSimulator.ActiveCfg = Debug|iPhoneSimulator
		{242A5DA8-6AFF-4668-A0E8-326A427D6970}.Debug|iPhoneSimulator.Build.0 = Debug|iPhoneSimulator
		{242A5DA8-6AFF-4668-A0E8-326A427D6970}.Debug|iPhoneSimulator.Deploy.0 = Debug|iPhoneSimulator
		{242A5DA8-6AFF-4668-A0E8-326A427D6970}.Release|Any CPU.ActiveCfg = Release|iPhoneSimulator
		{242A5DA8-6AFF-4668-A0E8-326A427D6970}.Release|Any CPU.Build.0 = Release|iPhoneSimulator
		{242A5DA8-6AFF-4668-A0E8-326A427D6970}.Release|Any CPU.Deploy.0 = Release|iPhoneSimulator
		{242A5DA8-6AFF-4668-A0E8-326A427D6970}.Release|iPhone.ActiveCfg = Release|iPhone
		{242A5DA8-6AFF-4668-A0E8-326A427D6970}.Release|iPhone.Build.0 = Release|iPhone
		{242A5DA8-6AFF-4668-A0E8-326A427D6970}.Release|iPhone.Deploy.0 = Release|iPhone
		{242A5DA8-6AFF-4668-A0E8-326A427D6970}.Release|iPhoneSimulator.ActiveCfg = Release|iPhoneSimulator
		{242A5DA8-6AFF-4668-A0E8-326A427D6970}.Release|iPhoneSimulator.Build.0 = Release|iPhoneSimulator
		{242A5DA8-6AFF-4668-A0E8-326A427D6970}.Release|iPhoneSimulator.Deploy.0 = Release|iPhoneSimulator
		{B8D4B947-7F00-4093-A481-B908D48BD730}.Debug|Any CPU.ActiveCfg = Debug|Any CPU
		{B8D4B947-7F00-4093-A481-B908D48BD730}.Debug|Any CPU.Build.0 = Debug|Any CPU
		{B8D4B947-7F00-4093-A481-B908D48BD730}.Debug|Any CPU.Deploy.0 = Debug|Any CPU
		{B8D4B947-7F00-4093-A481-B908D48BD730}.Debug|iPhone.ActiveCfg = Debug|Any CPU
		{B8D4B947-7F00-4093-A481-B908D48BD730}.Debug|iPhone.Build.0 = Debug|Any CPU
		{B8D4B947-7F00-4093-A481-B908D48BD730}.Debug|iPhone.Deploy.0 = Debug|Any CPU
		{B8D4B947-7F00-4093-A481-B908D48BD730}.Debug|iPhoneSimulator.ActiveCfg = Debug|Any CPU
		{B8D4B947-7F00-4093-A481-B908D48BD730}.Debug|iPhoneSimulator.Build.0 = Debug|Any CPU
		{B8D4B947-7F00-4093-A481-B908D48BD730}.Debug|iPhoneSimulator.Deploy.0 = Debug|Any CPU
		{B8D4B947-7F00-4093-A481-B908D48BD730}.Release|Any CPU.ActiveCfg = Release|Any CPU
		{B8D4B947-7F00-4093-A481-B908D48BD730}.Release|Any CPU.Build.0 = Release|Any CPU
		{B8D4B947-7F00-4093-A481-B908D48BD730}.Release|Any CPU.Deploy.0 = Release|Any CPU
		{B8D4B947-7F00-4093-A481-B908D48BD730}.Release|iPhone.ActiveCfg = Release|Any CPU
		{B8D4B947-7F00-4093-A481-B908D48BD730}.Release|iPhone.Build.0 = Release|Any CPU
		{B8D4B947-7F00-4093-A481-B908D48BD730}.Release|iPhone.Deploy.0 = Release|Any CPU
		{B8D4B947-7F00-4093-A481-B908D48BD730}.Release|iPhoneSimulator.ActiveCfg = Release|Any CPU
		{B8D4B947-7F00-4093-A481-B908D48BD730}.Release|iPhoneSimulator.Build.0 = Release|Any CPU
		{B8D4B947-7F00-4093-A481-B908D48BD730}.Release|iPhoneSimulator.Deploy.0 = Release|Any CPU
	EndGlobalSection
	GlobalSection(SolutionProperties) = preSolution
		HideSolutionNode = FALSE
	EndGlobalSection
	GlobalSection(ExtensibilityGlobals) = postSolution
		SolutionGuid = {F894D958-B06D-42CE-B2CB-D1FFDF7EF3C8}
	EndGlobalSection
EndGlobal
